// !$*UTF8*$!
{
	archiveVersion = 1;
	classes = {
	};
	objectVersion = 46;
	objects = {

/* Begin PBXBuildFile section */
		FB411EA51F3F23F10068DAC5 /* AppDelegate.swift in Sources */ = {isa = PBXBuildFile; fileRef = FB411EA41F3F23F10068DAC5 /* AppDelegate.swift */; };
		FB411EA71F3F23F10068DAC5 /* LoginViewController.swift in Sources */ = {isa = PBXBuildFile; fileRef = FB411EA61F3F23F10068DAC5 /* LoginViewController.swift */; };
		FB411EAA1F3F23F10068DAC5 /* Main.storyboard in Resources */ = {isa = PBXBuildFile; fileRef = FB411EA81F3F23F10068DAC5 /* Main.storyboard */; };
		FB411EAC1F3F23F20068DAC5 /* Assets.xcassets in Resources */ = {isa = PBXBuildFile; fileRef = FB411EAB1F3F23F20068DAC5 /* Assets.xcassets */; };
		FB411EAF1F3F23F20068DAC5 /* LaunchScreen.storyboard in Resources */ = {isa = PBXBuildFile; fileRef = FB411EAD1F3F23F20068DAC5 /* LaunchScreen.storyboard */; };
		FB411EBA1F3F23F20068DAC5 /* LoginFormTests.swift in Sources */ = {isa = PBXBuildFile; fileRef = FB411EB91F3F23F20068DAC5 /* LoginFormTests.swift */; };
		FB411EC51F3F23F20068DAC5 /* LoginFormUITests.swift in Sources */ = {isa = PBXBuildFile; fileRef = FB411EC41F3F23F20068DAC5 /* LoginFormUITests.swift */; };
		FB411ED51F3F2F890068DAC5 /* DetailViewController.swift in Sources */ = {isa = PBXBuildFile; fileRef = FB411ED41F3F2F890068DAC5 /* DetailViewController.swift */; };
/* End PBXBuildFile section */

/* Begin PBXContainerItemProxy section */
		FB411EB61F3F23F20068DAC5 /* PBXContainerItemProxy */ = {
			isa = PBXContainerItemProxy;
			containerPortal = FB411E991F3F23F10068DAC5 /* Project object */;
			proxyType = 1;
			remoteGlobalIDString = FB411EA01F3F23F10068DAC5;
			remoteInfo = LoginForm;
		};
		FB411EC11F3F23F20068DAC5 /* PBXContainerItemProxy */ = {
			isa = PBXContainerItemProxy;
			containerPortal = FB411E991F3F23F10068DAC5 /* Project object */;
			proxyType = 1;
			remoteGlobalIDString = FB411EA01F3F23F10068DAC5;
			remoteInfo = LoginForm;
		};
/* End PBXContainerItemProxy section */

/* Begin PBXFileReference section */
		FB411EA11F3F23F10068DAC5 /* LoginForm.app */ = {isa = PBXFileReference; explicitFileType = wrapper.application; includeInIndex = 0; path = LoginForm.app; sourceTree = BUILT_PRODUCTS_DIR; };
		FB411EA41F3F23F10068DAC5 /* AppDelegate.swift */ = {isa = PBXFileReference; lastKnownFileType = sourcecode.swift; path = AppDelegate.swift; sourceTree = "<group>"; };
		FB411EA61F3F23F10068DAC5 /* LoginViewController.swift */ = {isa = PBXFileReference; lastKnownFileType = sourcecode.swift; path = LoginViewController.swift; sourceTree = "<group>"; };
		FB411EA91F3F23F10068DAC5 /* Base */ = {isa = PBXFileReference; lastKnownFileType = file.storyboard; name = Base; path = Base.lproj/Main.storyboard; sourceTree = "<group>"; };
		FB411EAB1F3F23F20068DAC5 /* Assets.xcassets */ = {isa = PBXFileReference; lastKnownFileType = folder.assetcatalog; path = Assets.xcassets; sourceTree = "<group>"; };
		FB411EAE1F3F23F20068DAC5 /* Base */ = {isa = PBXFileReference; lastKnownFileType = file.storyboard; name = Base; path = Base.lproj/LaunchScreen.storyboard; sourceTree = "<group>"; };
		FB411EB01F3F23F20068DAC5 /* Info.plist */ = {isa = PBXFileReference; lastKnownFileType = text.plist.xml; path = Info.plist; sourceTree = "<group>"; };
		FB411EB51F3F23F20068DAC5 /* LoginFormTests.xctest */ = {isa = PBXFileReference; explicitFileType = wrapper.cfbundle; includeInIndex = 0; path = LoginFormTests.xctest; sourceTree = BUILT_PRODUCTS_DIR; };
		FB411EB91F3F23F20068DAC5 /* LoginFormTests.swift */ = {isa = PBXFileReference; lastKnownFileType = sourcecode.swift; path = LoginFormTests.swift; sourceTree = "<group>"; };
		FB411EBB1F3F23F20068DAC5 /* Info.plist */ = {isa = PBXFileReference; lastKnownFileType = text.plist.xml; path = Info.plist; sourceTree = "<group>"; };
		FB411EC01F3F23F20068DAC5 /* LoginFormUITests.xctest */ = {isa = PBXFileReference; explicitFileType = wrapper.cfbundle; includeInIndex = 0; path = LoginFormUITests.xctest; sourceTree = BUILT_PRODUCTS_DIR; };
		FB411EC41F3F23F20068DAC5 /* LoginFormUITests.swift */ = {isa = PBXFileReference; lastKnownFileType = sourcecode.swift; path = LoginFormUITests.swift; sourceTree = "<group>"; };
		FB411EC61F3F23F20068DAC5 /* Info.plist */ = {isa = PBXFileReference; lastKnownFileType = text.plist.xml; path = Info.plist; sourceTree = "<group>"; };
		FB411ED41F3F2F890068DAC5 /* DetailViewController.swift */ = {isa = PBXFileReference; fileEncoding = 4; lastKnownFileType = sourcecode.swift; path = DetailViewController.swift; sourceTree = "<group>"; };
/* End PBXFileReference section */

/* Begin PBXFrameworksBuildPhase section */
		FB411E9E1F3F23F10068DAC5 /* Frameworks */ = {
			isa = PBXFrameworksBuildPhase;
			buildActionMask = 2147483647;
			files = (
			);
			runOnlyForDeploymentPostprocessing = 0;
		};
		FB411EB21F3F23F20068DAC5 /* Frameworks */ = {
			isa = PBXFrameworksBuildPhase;
			buildActionMask = 2147483647;
			files = (
			);
			runOnlyForDeploymentPostprocessing = 0;
		};
		FB411EBD1F3F23F20068DAC5 /* Frameworks */ = {
			isa = PBXFrameworksBuildPhase;
			buildActionMask = 2147483647;
			files = (
			);
			runOnlyForDeploymentPostprocessing = 0;
		};
/* End PBXFrameworksBuildPhase section */

/* Begin PBXGroup section */
		FB411E981F3F23F10068DAC5 = {
			isa = PBXGroup;
			children = (
				FB411EA31F3F23F10068DAC5 /* LoginForm */,
				FB411EB81F3F23F20068DAC5 /* LoginFormTests */,
				FB411EC31F3F23F20068DAC5 /* LoginFormUITests */,
				FB411EA21F3F23F10068DAC5 /* Products */,
			);
			sourceTree = "<group>";
		};
		FB411EA21F3F23F10068DAC5 /* Products */ = {
			isa = PBXGroup;
			children = (
				FB411EA11F3F23F10068DAC5 /* LoginForm.app */,
				FB411EB51F3F23F20068DAC5 /* LoginFormTests.xctest */,
				FB411EC01F3F23F20068DAC5 /* LoginFormUITests.xctest */,
			);
			name = Products;
			sourceTree = "<group>";
		};
		FB411EA31F3F23F10068DAC5 /* LoginForm */ = {
			isa = PBXGroup;
			children = (
				FB411ED31F3F2F6B0068DAC5 /* Page2 */,
				FB411ED21F3F26350068DAC5 /* Login */,
				FB411EA41F3F23F10068DAC5 /* AppDelegate.swift */,
				FB411EA81F3F23F10068DAC5 /* Main.storyboard */,
				FB411EAB1F3F23F20068DAC5 /* Assets.xcassets */,
				FB411EAD1F3F23F20068DAC5 /* LaunchScreen.storyboard */,
				FB411EB01F3F23F20068DAC5 /* Info.plist */,
			);
			path = LoginForm;
			sourceTree = "<group>";
		};
		FB411EB81F3F23F20068DAC5 /* LoginFormTests */ = {
			isa = PBXGroup;
			children = (
				FB411EB91F3F23F20068DAC5 /* LoginFormTests.swift */,
				FB411EBB1F3F23F20068DAC5 /* Info.plist */,
			);
			path = LoginFormTests;
			sourceTree = "<group>";
		};
		FB411EC31F3F23F20068DAC5 /* LoginFormUITests */ = {
			isa = PBXGroup;
			children = (
				FB411EC41F3F23F20068DAC5 /* LoginFormUITests.swift */,
				FB411EC61F3F23F20068DAC5 /* Info.plist */,
			);
			path = LoginFormUITests;
			sourceTree = "<group>";
		};
		FB411ED21F3F26350068DAC5 /* Login */ = {
			isa = PBXGroup;
			children = (
				FB411EA61F3F23F10068DAC5 /* LoginViewController.swift */,
			);
			name = Login;
			sourceTree = "<group>";
		};
		FB411ED31F3F2F6B0068DAC5 /* Page2 */ = {
			isa = PBXGroup;
			children = (
				FB411ED41F3F2F890068DAC5 /* DetailViewController.swift */,
			);
			name = Page2;
			sourceTree = "<group>";
		};
/* End PBXGroup section */

/* Begin PBXNativeTarget section */
		FB411EA01F3F23F10068DAC5 /* LoginForm */ = {
			isa = PBXNativeTarget;
			buildConfigurationList = FB411EC91F3F23F20068DAC5 /* Build configuration list for PBXNativeTarget "LoginForm" */;
			buildPhases = (
				FB411E9D1F3F23F10068DAC5 /* Sources */,
				FB411E9E1F3F23F10068DAC5 /* Frameworks */,
				FB411E9F1F3F23F10068DAC5 /* Resources */,
			);
			buildRules = (
			);
			dependencies = (
			);
			name = LoginForm;
			productName = LoginForm;
			productReference = FB411EA11F3F23F10068DAC5 /* LoginForm.app */;
			productType = "com.apple.product-type.application";
		};
		FB411EB41F3F23F20068DAC5 /* LoginFormTests */ = {
			isa = PBXNativeTarget;
			buildConfigurationList = FB411ECC1F3F23F20068DAC5 /* Build configuration list for PBXNativeTarget "LoginFormTests" */;
			buildPhases = (
				FB411EB11F3F23F20068DAC5 /* Sources */,
				FB411EB21F3F23F20068DAC5 /* Frameworks */,
				FB411EB31F3F23F20068DAC5 /* Resources */,
			);
			buildRules = (
			);
			dependencies = (
				FB411EB71F3F23F20068DAC5 /* PBXTargetDependency */,
			);
			name = LoginFormTests;
			productName = LoginFormTests;
			productReference = FB411EB51F3F23F20068DAC5 /* LoginFormTests.xctest */;
			productType = "com.apple.product-type.bundle.unit-test";
		};
		FB411EBF1F3F23F20068DAC5 /* LoginFormUITests */ = {
			isa = PBXNativeTarget;
			buildConfigurationList = FB411ECF1F3F23F20068DAC5 /* Build configuration list for PBXNativeTarget "LoginFormUITests" */;
			buildPhases = (
				FB411EBC1F3F23F20068DAC5 /* Sources */,
				FB411EBD1F3F23F20068DAC5 /* Frameworks */,
				FB411EBE1F3F23F20068DAC5 /* Resources */,
			);
			buildRules = (
			);
			dependencies = (
				FB411EC21F3F23F20068DAC5 /* PBXTargetDependency */,
			);
			name = LoginFormUITests;
			productName = LoginFormUITests;
			productReference = FB411EC01F3F23F20068DAC5 /* LoginFormUITests.xctest */;
			productType = "com.apple.product-type.bundle.ui-testing";
		};
/* End PBXNativeTarget section */

/* Begin PBXProject section */
		FB411E991F3F23F10068DAC5 /* Project object */ = {
			isa = PBXProject;
			attributes = {
				LastSwiftUpdateCheck = 0830;
				LastUpgradeCheck = 0830;
				ORGANIZATIONNAME = Weerapon;
				TargetAttributes = {
					FB411EA01F3F23F10068DAC5 = {
						CreatedOnToolsVersion = 8.3.2;
						ProvisioningStyle = Automatic;
					};
					FB411EB41F3F23F20068DAC5 = {
						CreatedOnToolsVersion = 8.3.2;
						ProvisioningStyle = Automatic;
						TestTargetID = FB411EA01F3F23F10068DAC5;
					};
					FB411EBF1F3F23F20068DAC5 = {
						CreatedOnToolsVersion = 8.3.2;
						ProvisioningStyle = Automatic;
						TestTargetID = FB411EA01F3F23F10068DAC5;
					};
				};
			};
			buildConfigurationList = FB411E9C1F3F23F10068DAC5 /* Build configuration list for PBXProject "LoginForm" */;
			compatibilityVersion = "Xcode 3.2";
			developmentRegion = English;
			hasScannedForEncodings = 0;
			knownRegions = (
				en,
				Base,
			);
			mainGroup = FB411E981F3F23F10068DAC5;
			productRefGroup = FB411EA21F3F23F10068DAC5 /* Products */;
			projectDirPath = "";
			projectRoot = "";
			targets = (
				FB411EA01F3F23F10068DAC5 /* LoginForm */,
				FB411EB41F3F23F20068DAC5 /* LoginFormTests */,
				FB411EBF1F3F23F20068DAC5 /* LoginFormUITests */,
			);
		};
/* End PBXProject section */

/* Begin PBXResourcesBuildPhase section */
		FB411E9F1F3F23F10068DAC5 /* Resources */ = {
			isa = PBXResourcesBuildPhase;
			buildActionMask = 2147483647;
			files = (
				FB411EAF1F3F23F20068DAC5 /* LaunchScreen.storyboard in Resources */,
				FB411EAC1F3F23F20068DAC5 /* Assets.xcassets in Resources */,
				FB411EAA1F3F23F10068DAC5 /* Main.storyboard in Resources */,
			);
			runOnlyForDeploymentPostprocessing = 0;
		};
		FB411EB31F3F23F20068DAC5 /* Resources */ = {
			isa = PBXResourcesBuildPhase;
			buildActionMask = 2147483647;
			files = (
			);
			runOnlyForDeploymentPostprocessing = 0;
		};
		FB411EBE1F3F23F20068DAC5 /* Resources */ = {
			isa = PBXResourcesBuildPhase;
			buildActionMask = 2147483647;
			files = (
			);
			runOnlyForDeploymentPostprocessing = 0;
		};
/* End PBXResourcesBuildPhase section */

/* Begin PBXSourcesBuildPhase section */
		FB411E9D1F3F23F10068DAC5 /* Sources */ = {
			isa = PBXSourcesBuildPhase;
			buildActionMask = 2147483647;
			files = (
				FB411EA71F3F23F10068DAC5 /* LoginViewController.swift in Sources */,
				FB411EA51F3F23F10068DAC5 /* AppDelegate.swift in Sources */,
				FB411ED51F3F2F890068DAC5 /* DetailViewController.swift in Sources */,
			);
			runOnlyForDeploymentPostprocessing = 0;
		};
		FB411EB11F3F23F20068DAC5 /* Sources */ = {
			isa = PBXSourcesBuildPhase;
			buildActionMask = 2147483647;
			files = (
				FB411EBA1F3F23F20068DAC5 /* LoginFormTests.swift in Sources */,
			);
			runOnlyForDeploymentPostprocessing = 0;
		};
		FB411EBC1F3F23F20068DAC5 /* Sources */ = {
			isa = PBXSourcesBuildPhase;
			buildActionMask = 2147483647;
			files = (
				FB411EC51F3F23F20068DAC5 /* LoginFormUITests.swift in Sources */,
			);
			runOnlyForDeploymentPostprocessing = 0;
		};
/* End PBXSourcesBuildPhase section */

/* Begin PBXTargetDependency section */
		FB411EB71F3F23F20068DAC5 /* PBXTargetDependency */ = {
			isa = PBXTargetDependency;
			target = FB411EA01F3F23F10068DAC5 /* LoginForm */;
			targetProxy = FB411EB61F3F23F20068DAC5 /* PBXContainerItemProxy */;
		};
		FB411EC21F3F23F20068DAC5 /* PBXTargetDependency */ = {
			isa = PBXTargetDependency;
			target = FB411EA01F3F23F10068DAC5 /* LoginForm */;
			targetProxy = FB411EC11F3F23F20068DAC5 /* PBXContainerItemProxy */;
		};
/* End PBXTargetDependency section */

/* Begin PBXVariantGroup section */
		FB411EA81F3F23F10068DAC5 /* Main.storyboard */ = {
			isa = PBXVariantGroup;
			children = (
				FB411EA91F3F23F10068DAC5 /* Base */,
			);
			name = Main.storyboard;
			sourceTree = "<group>";
		};
		FB411EAD1F3F23F20068DAC5 /* LaunchScreen.storyboard */ = {
			isa = PBXVariantGroup;
			children = (
				FB411EAE1F3F23F20068DAC5 /* Base */,
			);
			name = LaunchScreen.storyboard;
			sourceTree = "<group>";
		};
/* End PBXVariantGroup section */

/* Begin XCBuildConfiguration section */
		FB411EC71F3F23F20068DAC5 /* Debug */ = {
			isa = XCBuildConfiguration;
			buildSettings = {
				ALWAYS_SEARCH_USER_PATHS = NO;
				CLANG_ANALYZER_NONNULL = YES;
				CLANG_ANALYZER_NUMBER_OBJECT_CONVERSION = YES_AGGRESSIVE;
				CLANG_CXX_LANGUAGE_STANDARD = "gnu++0x";
				CLANG_CXX_LIBRARY = "libc++";
				CLANG_ENABLE_MODULES = YES;
				CLANG_ENABLE_OBJC_ARC = YES;
				CLANG_WARN_BOOL_CONVERSION = YES;
				CLANG_WARN_CONSTANT_CONVERSION = YES;
				CLANG_WARN_DIRECT_OBJC_ISA_USAGE = YES_ERROR;
				CLANG_WARN_DOCUMENTATION_COMMENTS = YES;
				CLANG_WARN_EMPTY_BODY = YES;
				CLANG_WARN_ENUM_CONVERSION = YES;
				CLANG_WARN_INFINITE_RECURSION = YES;
				CLANG_WARN_INT_CONVERSION = YES;
				CLANG_WARN_OBJC_ROOT_CLASS = YES_ERROR;
				CLANG_WARN_SUSPICIOUS_MOVE = YES;
				CLANG_WARN_UNREACHABLE_CODE = YES;
				CLANG_WARN__DUPLICATE_METHOD_MATCH = YES;
				"CODE_SIGN_IDENTITY[sdk=iphoneos*]" = "iPhone Developer";
				COPY_PHASE_STRIP = NO;
				DEBUG_INFORMATION_FORMAT = dwarf;
				ENABLE_STRICT_OBJC_MSGSEND = YES;
				ENABLE_TESTABILITY = YES;
				GCC_C_LANGUAGE_STANDARD = gnu99;
				GCC_DYNAMIC_NO_PIC = NO;
				GCC_NO_COMMON_BLOCKS = YES;
				GCC_OPTIMIZATION_LEVEL = 0;
				GCC_PREPROCESSOR_DEFINITIONS = (
					"DEBUG=1",
					"$(inherited)",
				);
				GCC_WARN_64_TO_32_BIT_CONVERSION = YES;
				GCC_WARN_ABOUT_RETURN_TYPE = YES_ERROR;
				GCC_WARN_UNDECLARED_SELECTOR = YES;
				GCC_WARN_UNINITIALIZED_AUTOS = YES_AGGRESSIVE;
				GCC_WARN_UNUSED_FUNCTION = YES;
				GCC_WARN_UNUSED_VARIABLE = YES;
				IPHONEOS_DEPLOYMENT_TARGET = 10.3;
				MTL_ENABLE_DEBUG_INFO = YES;
				ONLY_ACTIVE_ARCH = YES;
				SDKROOT = iphoneos;
				SWIFT_ACTIVE_COMPILATION_CONDITIONS = DEBUG;
				SWIFT_OPTIMIZATION_LEVEL = "-Onone";
			};
			name = Debug;
		};
		FB411EC81F3F23F20068DAC5 /* Release */ = {
			isa = XCBuildConfiguration;
			buildSettings = {
				ALWAYS_SEARCH_USER_PATHS = NO;
				CLANG_ANALYZER_NONNULL = YES;
				CLANG_ANALYZER_NUMBER_OBJECT_CONVERSION = YES_AGGRESSIVE;
				CLANG_CXX_LANGUAGE_STANDARD = "gnu++0x";
				CLANG_CXX_LIBRARY = "libc++";
				CLANG_ENABLE_MODULES = YES;
				CLANG_ENABLE_OBJC_ARC = YES;
				CLANG_WARN_BOOL_CONVERSION = YES;
				CLANG_WARN_CONSTANT_CONVERSION = YES;
				CLANG_WARN_DIRECT_OBJC_ISA_USAGE = YES_ERROR;
				CLANG_WARN_DOCUMENTATION_COMMENTS = YES;
				CLANG_WARN_EMPTY_BODY = YES;
				CLANG_WARN_ENUM_CONVERSION = YES;
				CLANG_WARN_INFINITE_RECURSION = YES;
				CLANG_WARN_INT_CONVERSION = YES;
				CLANG_WARN_OBJC_ROOT_CLASS = YES_ERROR;
				CLANG_WARN_SUSPICIOUS_MOVE = YES;
				CLANG_WARN_UNREACHABLE_CODE = YES;
				CLANG_WARN__DUPLICATE_METHOD_MATCH = YES;
				"CODE_SIGN_IDENTITY[sdk=iphoneos*]" = "iPhone Developer";
				COPY_PHASE_STRIP = NO;
				DEBUG_INFORMATION_FORMAT = "dwarf-with-dsym";
				ENABLE_NS_ASSERTIONS = NO;
				ENABLE_STRICT_OBJC_MSGSEND = YES;
				GCC_C_LANGUAGE_STANDARD = gnu99;
				GCC_NO_COMMON_BLOCKS = YES;
				GCC_WARN_64_TO_32_BIT_CONVERSION = YES;
				GCC_WARN_ABOUT_RETURN_TYPE = YES_ERROR;
				GCC_WARN_UNDECLARED_SELECTOR = YES;
				GCC_WARN_UNINITIALIZED_AUTOS = YES_AGGRESSIVE;
				GCC_WARN_UNUSED_FUNCTION = YES;
				GCC_WARN_UNUSED_VARIABLE = YES;
				IPHONEOS_DEPLOYMENT_TARGET = 10.3;
				MTL_ENABLE_DEBUG_INFO = NO;
				SDKROOT = iphoneos;
				SWIFT_OPTIMIZATION_LEVEL = "-Owholemodule";
				VALIDATE_PRODUCT = YES;
			};
			name = Release;
		};
		FB411ECA1F3F23F20068DAC5 /* Debug */ = {
			isa = XCBuildConfiguration;
			buildSettings = {
				ASSETCATALOG_COMPILER_APPICON_NAME = AppIcon;
				INFOPLIST_FILE = LoginForm/Info.plist;
				LD_RUNPATH_SEARCH_PATHS = "$(inherited) @executable_path/Frameworks";
				PRODUCT_BUNDLE_IDENTIFIER = com.weerapon.LoginForm;
				PRODUCT_NAME = "$(TARGET_NAME)";
				SWIFT_VERSION = 3.0;
			};
			name = Debug;
		};
		FB411ECB1F3F23F20068DAC5 /* Release */ = {
			isa = XCBuildConfiguration;
			buildSettings = {
				ASSETCATALOG_COMPILER_APPICON_NAME = AppIcon;
				INFOPLIST_FILE = LoginForm/Info.plist;
				LD_RUNPATH_SEARCH_PATHS = "$(inherited) @executable_path/Frameworks";
				PRODUCT_BUNDLE_IDENTIFIER = com.weerapon.LoginForm;
				PRODUCT_NAME = "$(TARGET_NAME)";
				SWIFT_VERSION = 3.0;
			};
			name = Release;
		};
		FB411ECD1F3F23F20068DAC5 /* Debug */ = {
			isa = XCBuildConfiguration;
			buildSettings = {
				ALWAYS_EMBED_SWIFT_STANDARD_LIBRARIES = YES;
				BUNDLE_LOADER = "$(TEST_HOST)";
				INFOPLIST_FILE = LoginFormTests/Info.plist;
				LD_RUNPATH_SEARCH_PATHS = "$(inherited) @executable_path/Frameworks @loader_path/Frameworks";
				PRODUCT_BUNDLE_IDENTIFIER = com.weerapon.LoginFormTests;
				PRODUCT_NAME = "$(TARGET_NAME)";
				SWIFT_VERSION = 3.0;
				TEST_HOST = "$(BUILT_PRODUCTS_DIR)/LoginForm.app/LoginForm";
			};
			name = Debug;
		};
		FB411ECE1F3F23F20068DAC5 /* Release */ = {
			isa = XCBuildConfiguration;
			buildSettings = {
				ALWAYS_EMBED_SWIFT_STANDARD_LIBRARIES = YES;
				BUNDLE_LOADER = "$(TEST_HOST)";
				INFOPLIST_FILE = LoginFormTests/Info.plist;
				LD_RUNPATH_SEARCH_PATHS = "$(inherited) @executable_path/Frameworks @loader_path/Frameworks";
				PRODUCT_BUNDLE_IDENTIFIER = com.weerapon.LoginFormTests;
				PRODUCT_NAME = "$(TARGET_NAME)";
				SWIFT_VERSION = 3.0;
				TEST_HOST = "$(BUILT_PRODUCTS_DIR)/LoginForm.app/LoginForm";
			};
			name = Release;
		};
		FB411ED01F3F23F20068DAC5 /* Debug */ = {
			isa = XCBuildConfiguration;
			buildSettings = {
				ALWAYS_EMBED_SWIFT_STANDARD_LIBRARIES = YES;
				INFOPLIST_FILE = LoginFormUITests/Info.plist;
				LD_RUNPATH_SEARCH_PATHS = "$(inherited) @executable_path/Frameworks @loader_path/Frameworks";
				PRODUCT_BUNDLE_IDENTIFIER = com.weerapon.LoginFormUITests;
				PRODUCT_NAME = "$(TARGET_NAME)";
				SWIFT_VERSION = 3.0;
				TEST_TARGET_NAME = LoginForm;
			};
			name = Debug;
		};
		FB411ED11F3F23F20068DAC5 /* Release */ = {
			isa = XCBuildConfiguration;
			buildSettings = {
				ALWAYS_EMBED_SWIFT_STANDARD_LIBRARIES = YES;
				INFOPLIST_FILE = LoginFormUITests/Info.plist;
				LD_RUNPATH_SEARCH_PATHS = "$(inherited) @executable_path/Frameworks @loader_path/Frameworks";
				PRODUCT_BUNDLE_IDENTIFIER = com.weerapon.LoginFormUITests;
				PRODUCT_NAME = "$(TARGET_NAME)";
				SWIFT_VERSION = 3.0;
				TEST_TARGET_NAME = LoginForm;
			};
			name = Release;
		};
/* End XCBuildConfiguration section */

/* Begin XCConfigurationList section */
		FB411E9C1F3F23F10068DAC5 /* Build configuration list for PBXProject "LoginForm" */ = {
			isa = XCConfigurationList;
			buildConfigurations = (
				FB411EC71F3F23F20068DAC5 /* Debug */,
				FB411EC81F3F23F20068DAC5 /* Release */,
			);
			defaultConfigurationIsVisible = 0;
			defaultConfigurationName = Release;
		};
		FB411EC91F3F23F20068DAC5 /* Build configuration list for PBXNativeTarget "LoginForm" */ = {
			isa = XCConfigurationList;
			buildConfigurations = (
				FB411ECA1F3F23F20068DAC5 /* Debug */,
				FB411ECB1F3F23F20068DAC5 /* Release */,
			);
			defaultConfigurationIsVisible = 0;
			defaultConfigurationName = Release;
		};
		FB411ECC1F3F23F20068DAC5 /* Build configuration list for PBXNativeTarget "LoginFormTests" */ = {
			isa = XCConfigurationList;
			buildConfigurations = (
				FB411ECD1F3F23F20068DAC5 /* Debug */,
				FB411ECE1F3F23F20068DAC5 /* Release */,
			);
			defaultConfigurationIsVisible = 0;
			defaultConfigurationName = Release;
		};
		FB411ECF1F3F23F20068DAC5 /* Build configuration list for PBXNativeTarget "LoginFormUITests" */ = {
			isa = XCConfigurationList;
			buildConfigurations = (
				FB411ED01F3F23F20068DAC5 /* Debug */,
				FB411ED11F3F23F20068DAC5 /* Release */,
			);
			defaultConfigurationIsVisible = 0;
			defaultConfigurationName = Release;
		};
/* End XCConfigurationList section */
	};
	rootObject = FB411E991F3F23F10068DAC5 /* Project object */;
}
